
Microsoft Visual Studio Solution File, Format Version 12.00
# Visual Studio Version 16
VisualStudioVersion = 16.0.30503.244
MinimumVisualStudioVersion = 10.0.40219.1
Project("{FAE04EC0-301F-11D3-BF4B-00C04F79EFBC}") = "Contactos", "Contactos\Contactos.csproj", "{E5D15397-E941-48E0-B7EC-3B56EF3BA4EC}"
EndProject
Global
	GlobalSection(SolutionConfigurationPlatforms) = preSolution
		Debug|Any CPU = Debug|Any CPU
		Release|Any CPU = Release|Any CPU
	EndGlobalSection
	GlobalSection(ProjectConfigurationPlatforms) = postSolution
		{E5D15397-E941-48E0-B7EC-3B56EF3BA4EC}.Debug|Any CPU.ActiveCfg = Debug|Any CPU
		{E5D15397-E941-48E0-B7EC-3B56EF3BA4EC}.Debug|Any CPU.Build.0 = Debug|Any CPU
		{E5D15397-E941-48E0-B7EC-3B56EF3BA4EC}.Release|Any CPU.ActiveCfg = Release|Any CPU
		{E5D15397-E941-48E0-B7EC-3B56EF3BA4EC}.Release|Any CPU.Build.0 = Release|Any CPU
	EndGlobalSection
	GlobalSection(SolutionProperties) = preSolution
		HideSolutionNode = FALSE
	EndGlobalSection
	GlobalSection(ExtensibilityGlobals) = postSolution
		SolutionGuid = {252D863C-6ACF-402F-92E4-B2D285F9A11D}
	EndGlobalSection
EndGlobal
